locks:
  u/philipgalebach/movie_mood_generator: 6531b4c5c0c9c0a917f9f51219b9823841ca0fa0a9570fdedc9405932f5ae32c
  u/philipgalebach/telegram_bot_handler: a238549927384decbf7a52668b88bfa1d8738256cee089fcce5f5044690415d9
  u/philipgalebach/telegram_movie_bot: a917bd8b85b4e1830e960e855b817cacfed961536f13a129b19051d87da3212b
  u/philipgalebach/telegram_webhook: 0a3cb95bf84130691b79a4393f199d178d4a67c666593d8377ecd4ddfeaee626
