locks:
  u/philipgalebach/movie_mood_generator: c369e69373a82e75a7c364ffafa31154067257f7a8d94397e114ea4503c3e6dd
  u/philipgalebach/telegram_bot_handler: d530568fbc004f0ea93eabe3b3086adeb7e29181c4482d63c673945d58098812
  u/philipgalebach/telegram_movie_bot: a917bd8b85b4e1830e960e855b817cacfed961536f13a129b19051d87da3212b
  u/philipgalebach/telegram_webhook: 0a3cb95bf84130691b79a4393f199d178d4a67c666593d8377ecd4ddfeaee626
